// !$*UTF8*$!
{
	archiveVersion = 1;
	classes = {
	};
	objectVersion = 56;
	objects = {

/* Begin PBXBuildFile section */
		7B5928CC2A49D24F00B84EE1 /* BookwormApp.swift in Sources */ = {isa = PBXBuildFile; fileRef = 7B5928CB2A49D24F00B84EE1 /* BookwormApp.swift */; };
		7B5928CE2A49D24F00B84EE1 /* ContentView.swift in Sources */ = {isa = PBXBuildFile; fileRef = 7B5928CD2A49D24F00B84EE1 /* ContentView.swift */; };
		7B5928D02A49D25100B84EE1 /* Assets.xcassets in Resources */ = {isa = PBXBuildFile; fileRef = 7B5928CF2A49D25100B84EE1 /* Assets.xcassets */; };
		7B5928D32A49D25100B84EE1 /* Preview Assets.xcassets in Resources */ = {isa = PBXBuildFile; fileRef = 7B5928D22A49D25100B84EE1 /* Preview Assets.xcassets */; };
		7B5928DB2A49D51600B84EE1 /* BindingView.swift in Sources */ = {isa = PBXBuildFile; fileRef = 7B5928DA2A49D51600B84EE1 /* BindingView.swift */; };
		7B5928DD2A49D87500B84EE1 /* TextEditorView.swift in Sources */ = {isa = PBXBuildFile; fileRef = 7B5928DC2A49D87500B84EE1 /* TextEditorView.swift */; };
		7B5928DF2A4AAFDF00B84EE1 /* CoreDataAndSwiftUI.swift in Sources */ = {isa = PBXBuildFile; fileRef = 7B5928DE2A4AAFDE00B84EE1 /* CoreDataAndSwiftUI.swift */; };
		7B5928E42A4AB02700B84EE1 /* IntroductionDataController.swift in Sources */ = {isa = PBXBuildFile; fileRef = 7B5928E32A4AB02700B84EE1 /* IntroductionDataController.swift */; };
		7BB5806F2A4AB83100E687D8 /* Bookworm.xcdatamodeld in Sources */ = {isa = PBXBuildFile; fileRef = 7BB5806D2A4AB83100E687D8 /* Bookworm.xcdatamodeld */; };
		7BB580712A4AB8A000E687D8 /* DataController.swift in Sources */ = {isa = PBXBuildFile; fileRef = 7BB580702A4AB8A000E687D8 /* DataController.swift */; };
		7BB580732A4AB90C00E687D8 /* AddBookView.swift in Sources */ = {isa = PBXBuildFile; fileRef = 7BB580722A4AB90C00E687D8 /* AddBookView.swift */; };
		7BB580752A4AC79700E687D8 /* RatingView.swift in Sources */ = {isa = PBXBuildFile; fileRef = 7BB580742A4AC79700E687D8 /* RatingView.swift */; };
		7BB580772A4ACB7400E687D8 /* EmojiRatingView.swift in Sources */ = {isa = PBXBuildFile; fileRef = 7BB580762A4ACB7400E687D8 /* EmojiRatingView.swift */; };
		7BB580792A4AD25D00E687D8 /* DetailView.swift in Sources */ = {isa = PBXBuildFile; fileRef = 7BB580782A4AD25D00E687D8 /* DetailView.swift */; };
/* End PBXBuildFile section */

/* Begin PBXFileReference section */
		7B5928C82A49D24F00B84EE1 /* Bookworm.app */ = {isa = PBXFileReference; explicitFileType = wrapper.application; includeInIndex = 0; path = Bookworm.app; sourceTree = BUILT_PRODUCTS_DIR; };
		7B5928CB2A49D24F00B84EE1 /* BookwormApp.swift */ = {isa = PBXFileReference; lastKnownFileType = sourcecode.swift; path = BookwormApp.swift; sourceTree = "<group>"; };
		7B5928CD2A49D24F00B84EE1 /* ContentView.swift */ = {isa = PBXFileReference; lastKnownFileType = sourcecode.swift; path = ContentView.swift; sourceTree = "<group>"; };
		7B5928CF2A49D25100B84EE1 /* Assets.xcassets */ = {isa = PBXFileReference; lastKnownFileType = folder.assetcatalog; path = Assets.xcassets; sourceTree = "<group>"; };
		7B5928D22A49D25100B84EE1 /* Preview Assets.xcassets */ = {isa = PBXFileReference; lastKnownFileType = folder.assetcatalog; path = "Preview Assets.xcassets"; sourceTree = "<group>"; };
		7B5928DA2A49D51600B84EE1 /* BindingView.swift */ = {isa = PBXFileReference; lastKnownFileType = sourcecode.swift; path = BindingView.swift; sourceTree = "<group>"; };
		7B5928DC2A49D87500B84EE1 /* TextEditorView.swift */ = {isa = PBXFileReference; lastKnownFileType = sourcecode.swift; path = TextEditorView.swift; sourceTree = "<group>"; };
		7B5928DE2A4AAFDE00B84EE1 /* CoreDataAndSwiftUI.swift */ = {isa = PBXFileReference; lastKnownFileType = sourcecode.swift; path = CoreDataAndSwiftUI.swift; sourceTree = "<group>"; };
		7B5928E32A4AB02700B84EE1 /* IntroductionDataController.swift */ = {isa = PBXFileReference; lastKnownFileType = sourcecode.swift; path = IntroductionDataController.swift; sourceTree = "<group>"; };
		7BB5806E2A4AB83100E687D8 /* Bookworm.xcdatamodel */ = {isa = PBXFileReference; lastKnownFileType = wrapper.xcdatamodel; path = Bookworm.xcdatamodel; sourceTree = "<group>"; };
		7BB580702A4AB8A000E687D8 /* DataController.swift */ = {isa = PBXFileReference; lastKnownFileType = sourcecode.swift; path = DataController.swift; sourceTree = "<group>"; };
		7BB580722A4AB90C00E687D8 /* AddBookView.swift */ = {isa = PBXFileReference; lastKnownFileType = sourcecode.swift; path = AddBookView.swift; sourceTree = "<group>"; };
		7BB580742A4AC79700E687D8 /* RatingView.swift */ = {isa = PBXFileReference; lastKnownFileType = sourcecode.swift; path = RatingView.swift; sourceTree = "<group>"; };
		7BB580762A4ACB7400E687D8 /* EmojiRatingView.swift */ = {isa = PBXFileReference; lastKnownFileType = sourcecode.swift; path = EmojiRatingView.swift; sourceTree = "<group>"; };
		7BB580782A4AD25D00E687D8 /* DetailView.swift */ = {isa = PBXFileReference; lastKnownFileType = sourcecode.swift; path = DetailView.swift; sourceTree = "<group>"; };
/* End PBXFileReference section */

/* Begin PBXFrameworksBuildPhase section */
		7B5928C52A49D24F00B84EE1 /* Frameworks */ = {
			isa = PBXFrameworksBuildPhase;
			buildActionMask = 2147483647;
			files = (
			);
			runOnlyForDeploymentPostprocessing = 0;
		};
/* End PBXFrameworksBuildPhase section */

/* Begin PBXGroup section */
		7B5928BF2A49D24F00B84EE1 = {
			isa = PBXGroup;
			children = (
				7B5928CA2A49D24F00B84EE1 /* Bookworm */,
				7B5928C92A49D24F00B84EE1 /* Products */,
			);
			sourceTree = "<group>";
		};
		7B5928C92A49D24F00B84EE1 /* Products */ = {
			isa = PBXGroup;
			children = (
				7B5928C82A49D24F00B84EE1 /* Bookworm.app */,
			);
			name = Products;
			sourceTree = "<group>";
		};
		7B5928CA2A49D24F00B84EE1 /* Bookworm */ = {
			isa = PBXGroup;
			children = (
				7B5928CB2A49D24F00B84EE1 /* BookwormApp.swift */,
				7B5928CD2A49D24F00B84EE1 /* ContentView.swift */,
				7BB580722A4AB90C00E687D8 /* AddBookView.swift */,
				7BB580782A4AD25D00E687D8 /* DetailView.swift */,
				7BB580742A4AC79700E687D8 /* RatingView.swift */,
				7BB580762A4ACB7400E687D8 /* EmojiRatingView.swift */,
				7BB580702A4AB8A000E687D8 /* DataController.swift */,
				7B5928D92A49D50200B84EE1 /* Introduction */,
				7BB5806D2A4AB83100E687D8 /* Bookworm.xcdatamodeld */,
				7B5928CF2A49D25100B84EE1 /* Assets.xcassets */,
				7B5928D12A49D25100B84EE1 /* Preview Content */,
			);
			path = Bookworm;
			sourceTree = "<group>";
		};
		7B5928D12A49D25100B84EE1 /* Preview Content */ = {
			isa = PBXGroup;
			children = (
				7B5928D22A49D25100B84EE1 /* Preview Assets.xcassets */,
			);
			path = "Preview Content";
			sourceTree = "<group>";
		};
		7B5928D92A49D50200B84EE1 /* Introduction */ = {
			isa = PBXGroup;
			children = (
				7B5928DA2A49D51600B84EE1 /* BindingView.swift */,
				7B5928DC2A49D87500B84EE1 /* TextEditorView.swift */,
				7B5928DE2A4AAFDE00B84EE1 /* CoreDataAndSwiftUI.swift */,
				7B5928E32A4AB02700B84EE1 /* IntroductionDataController.swift */,
			);
			path = Introduction;
			sourceTree = "<group>";
		};
/* End PBXGroup section */

/* Begin PBXNativeTarget section */
		7B5928C72A49D24F00B84EE1 /* Bookworm */ = {
			isa = PBXNativeTarget;
			buildConfigurationList = 7B5928D62A49D25100B84EE1 /* Build configuration list for PBXNativeTarget "Bookworm" */;
			buildPhases = (
				7B5928C42A49D24F00B84EE1 /* Sources */,
				7B5928C52A49D24F00B84EE1 /* Frameworks */,
				7B5928C62A49D24F00B84EE1 /* Resources */,
			);
			buildRules = (
			);
			dependencies = (
			);
			name = Bookworm;
			productName = Bookworm;
			productReference = 7B5928C82A49D24F00B84EE1 /* Bookworm.app */;
			productType = "com.apple.product-type.application";
		};
/* End PBXNativeTarget section */

/* Begin PBXProject section */
		7B5928C02A49D24F00B84EE1 /* Project object */ = {
			isa = PBXProject;
			attributes = {
				BuildIndependentTargetsInParallel = 1;
				LastSwiftUpdateCheck = 1430;
				LastUpgradeCheck = 1430;
				TargetAttributes = {
					7B5928C72A49D24F00B84EE1 = {
						CreatedOnToolsVersion = 14.3;
					};
				};
			};
			buildConfigurationList = 7B5928C32A49D24F00B84EE1 /* Build configuration list for PBXProject "Bookworm" */;
			compatibilityVersion = "Xcode 14.0";
			developmentRegion = en;
			hasScannedForEncodings = 0;
			knownRegions = (
				en,
				Base,
			);
			mainGroup = 7B5928BF2A49D24F00B84EE1;
			productRefGroup = 7B5928C92A49D24F00B84EE1 /* Products */;
			projectDirPath = "";
			projectRoot = "";
			targets = (
				7B5928C72A49D24F00B84EE1 /* Bookworm */,
			);
		};
/* End PBXProject section */

/* Begin PBXResourcesBuildPhase section */
		7B5928C62A49D24F00B84EE1 /* Resources */ = {
			isa = PBXResourcesBuildPhase;
			buildActionMask = 2147483647;
			files = (
				7B5928D32A49D25100B84EE1 /* Preview Assets.xcassets in Resources */,
				7B5928D02A49D25100B84EE1 /* Assets.xcassets in Resources */,
			);
			runOnlyForDeploymentPostprocessing = 0;
		};
/* End PBXResourcesBuildPhase section */

/* Begin PBXSourcesBuildPhase section */
		7B5928C42A49D24F00B84EE1 /* Sources */ = {
			isa = PBXSourcesBuildPhase;
			buildActionMask = 2147483647;
			files = (
				7B5928CE2A49D24F00B84EE1 /* ContentView.swift in Sources */,
				7BB580792A4AD25D00E687D8 /* DetailView.swift in Sources */,
				7BB580732A4AB90C00E687D8 /* AddBookView.swift in Sources */,
				7B5928DF2A4AAFDF00B84EE1 /* CoreDataAndSwiftUI.swift in Sources */,
				7BB580752A4AC79700E687D8 /* RatingView.swift in Sources */,
				7BB580772A4ACB7400E687D8 /* EmojiRatingView.swift in Sources */,
				7B5928CC2A49D24F00B84EE1 /* BookwormApp.swift in Sources */,
				7B5928DD2A49D87500B84EE1 /* TextEditorView.swift in Sources */,
				7B5928DB2A49D51600B84EE1 /* BindingView.swift in Sources */,
				7BB580712A4AB8A000E687D8 /* DataController.swift in Sources */,
				7B5928E42A4AB02700B84EE1 /* IntroductionDataController.swift in Sources */,
				7BB5806F2A4AB83100E687D8 /* Bookworm.xcdatamodeld in Sources */,
			);
			runOnlyForDeploymentPostprocessing = 0;
		};
/* End PBXSourcesBuildPhase section */

/* Begin XCBuildConfiguration section */
		7B5928D42A49D25100B84EE1 /* Debug */ = {
			isa = XCBuildConfiguration;
			buildSettings = {
				ALWAYS_SEARCH_USER_PATHS = NO;
				CLANG_ANALYZER_NONNULL = YES;
				CLANG_ANALYZER_NUMBER_OBJECT_CONVERSION = YES_AGGRESSIVE;
				CLANG_CXX_LANGUAGE_STANDARD = "gnu++20";
				CLANG_ENABLE_MODULES = YES;
				CLANG_ENABLE_OBJC_ARC = YES;
				CLANG_ENABLE_OBJC_WEAK = YES;
				CLANG_WARN_BLOCK_CAPTURE_AUTORELEASING = YES;
				CLANG_WARN_BOOL_CONVERSION = YES;
				CLANG_WARN_COMMA = YES;
				CLANG_WARN_CONSTANT_CONVERSION = YES;
				CLANG_WARN_DEPRECATED_OBJC_IMPLEMENTATIONS = YES;
				CLANG_WARN_DIRECT_OBJC_ISA_USAGE = YES_ERROR;
				CLANG_WARN_DOCUMENTATION_COMMENTS = YES;
				CLANG_WARN_EMPTY_BODY = YES;
				CLANG_WARN_ENUM_CONVERSION = YES;
				CLANG_WARN_INFINITE_RECURSION = YES;
				CLANG_WARN_INT_CONVERSION = YES;
				CLANG_WARN_NON_LITERAL_NULL_CONVERSION = YES;
				CLANG_WARN_OBJC_IMPLICIT_RETAIN_SELF = YES;
				CLANG_WARN_OBJC_LITERAL_CONVERSION = YES;
				CLANG_WARN_OBJC_ROOT_CLASS = YES_ERROR;
				CLANG_WARN_QUOTED_INCLUDE_IN_FRAMEWORK_HEADER = YES;
				CLANG_WARN_RANGE_LOOP_ANALYSIS = YES;
				CLANG_WARN_STRICT_PROTOTYPES = YES;
				CLANG_WARN_SUSPICIOUS_MOVE = YES;
				CLANG_WARN_UNGUARDED_AVAILABILITY = YES_AGGRESSIVE;
				CLANG_WARN_UNREACHABLE_CODE = YES;
				CLANG_WARN__DUPLICATE_METHOD_MATCH = YES;
				COPY_PHASE_STRIP = NO;
				DEBUG_INFORMATION_FORMAT = dwarf;
				ENABLE_STRICT_OBJC_MSGSEND = YES;
				ENABLE_TESTABILITY = YES;
				GCC_C_LANGUAGE_STANDARD = gnu11;
				GCC_DYNAMIC_NO_PIC = NO;
				GCC_NO_COMMON_BLOCKS = YES;
				GCC_OPTIMIZATION_LEVEL = 0;
				GCC_PREPROCESSOR_DEFINITIONS = (
					"DEBUG=1",
					"$(inherited)",
				);
				GCC_WARN_64_TO_32_BIT_CONVERSION = YES;
				GCC_WARN_ABOUT_RETURN_TYPE = YES_ERROR;
				GCC_WARN_UNDECLARED_SELECTOR = YES;
				GCC_WARN_UNINITIALIZED_AUTOS = YES_AGGRESSIVE;
				GCC_WARN_UNUSED_FUNCTION = YES;
				GCC_WARN_UNUSED_VARIABLE = YES;
				IPHONEOS_DEPLOYMENT_TARGET = 16.4;
				MTL_ENABLE_DEBUG_INFO = INCLUDE_SOURCE;
				MTL_FAST_MATH = YES;
				ONLY_ACTIVE_ARCH = YES;
				SDKROOT = iphoneos;
				SWIFT_ACTIVE_COMPILATION_CONDITIONS = DEBUG;
				SWIFT_OPTIMIZATION_LEVEL = "-Onone";
			};
			name = Debug;
		};
		7B5928D52A49D25100B84EE1 /* Release */ = {
			isa = XCBuildConfiguration;
			buildSettings = {
				ALWAYS_SEARCH_USER_PATHS = NO;
				CLANG_ANALYZER_NONNULL = YES;
				CLANG_ANALYZER_NUMBER_OBJECT_CONVERSION = YES_AGGRESSIVE;
				CLANG_CXX_LANGUAGE_STANDARD = "gnu++20";
				CLANG_ENABLE_MODULES = YES;
				CLANG_ENABLE_OBJC_ARC = YES;
				CLANG_ENABLE_OBJC_WEAK = YES;
				CLANG_WARN_BLOCK_CAPTURE_AUTORELEASING = YES;
				CLANG_WARN_BOOL_CONVERSION = YES;
				CLANG_WARN_COMMA = YES;
				CLANG_WARN_CONSTANT_CONVERSION = YES;
				CLANG_WARN_DEPRECATED_OBJC_IMPLEMENTATIONS = YES;
				CLANG_WARN_DIRECT_OBJC_ISA_USAGE = YES_ERROR;
				CLANG_WARN_DOCUMENTATION_COMMENTS = YES;
				CLANG_WARN_EMPTY_BODY = YES;
				CLANG_WARN_ENUM_CONVERSION = YES;
				CLANG_WARN_INFINITE_RECURSION = YES;
				CLANG_WARN_INT_CONVERSION = YES;
				CLANG_WARN_NON_LITERAL_NULL_CONVERSION = YES;
				CLANG_WARN_OBJC_IMPLICIT_RETAIN_SELF = YES;
				CLANG_WARN_OBJC_LITERAL_CONVERSION = YES;
				CLANG_WARN_OBJC_ROOT_CLASS = YES_ERROR;
				CLANG_WARN_QUOTED_INCLUDE_IN_FRAMEWORK_HEADER = YES;
				CLANG_WARN_RANGE_LOOP_ANALYSIS = YES;
				CLANG_WARN_STRICT_PROTOTYPES = YES;
				CLANG_WARN_SUSPICIOUS_MOVE = YES;
				CLANG_WARN_UNGUARDED_AVAILABILITY = YES_AGGRESSIVE;
				CLANG_WARN_UNREACHABLE_CODE = YES;
				CLANG_WARN__DUPLICATE_METHOD_MATCH = YES;
				COPY_PHASE_STRIP = NO;
				DEBUG_INFORMATION_FORMAT = "dwarf-with-dsym";
				ENABLE_NS_ASSERTIONS = NO;
				ENABLE_STRICT_OBJC_MSGSEND = YES;
				GCC_C_LANGUAGE_STANDARD = gnu11;
				GCC_NO_COMMON_BLOCKS = YES;
				GCC_WARN_64_TO_32_BIT_CONVERSION = YES;
				GCC_WARN_ABOUT_RETURN_TYPE = YES_ERROR;
				GCC_WARN_UNDECLARED_SELECTOR = YES;
				GCC_WARN_UNINITIALIZED_AUTOS = YES_AGGRESSIVE;
				GCC_WARN_UNUSED_FUNCTION = YES;
				GCC_WARN_UNUSED_VARIABLE = YES;
				IPHONEOS_DEPLOYMENT_TARGET = 16.4;
				MTL_ENABLE_DEBUG_INFO = NO;
				MTL_FAST_MATH = YES;
				SDKROOT = iphoneos;
				SWIFT_COMPILATION_MODE = wholemodule;
				SWIFT_OPTIMIZATION_LEVEL = "-O";
				VALIDATE_PRODUCT = YES;
			};
			name = Release;
		};
		7B5928D72A49D25100B84EE1 /* Debug */ = {
			isa = XCBuildConfiguration;
			buildSettings = {
				ASSETCATALOG_COMPILER_APPICON_NAME = AppIcon;
				ASSETCATALOG_COMPILER_GLOBAL_ACCENT_COLOR_NAME = AccentColor;
				CODE_SIGN_STYLE = Automatic;
				CURRENT_PROJECT_VERSION = 1;
				DEVELOPMENT_ASSET_PATHS = "\"Bookworm/Preview Content\"";
				DEVELOPMENT_TEAM = B9S7PB8R45;
				ENABLE_PREVIEWS = YES;
				GENERATE_INFOPLIST_FILE = YES;
				INFOPLIST_KEY_UIApplicationSceneManifest_Generation = YES;
				INFOPLIST_KEY_UIApplicationSupportsIndirectInputEvents = YES;
				INFOPLIST_KEY_UILaunchScreen_Generation = YES;
				INFOPLIST_KEY_UISupportedInterfaceOrientations_iPad = "UIInterfaceOrientationPortrait UIInterfaceOrientationPortraitUpsideDown UIInterfaceOrientationLandscapeLeft UIInterfaceOrientationLandscapeRight";
				INFOPLIST_KEY_UISupportedInterfaceOrientations_iPhone = "UIInterfaceOrientationPortrait UIInterfaceOrientationLandscapeLeft UIInterfaceOrientationLandscapeRight";
				LD_RUNPATH_SEARCH_PATHS = (
					"$(inherited)",
					"@executable_path/Frameworks",
				);
				MARKETING_VERSION = 1.0;
				PRODUCT_BUNDLE_IDENTIFIER = com.pagopatito.Bookworm;
				PRODUCT_NAME = "$(TARGET_NAME)";
				SWIFT_EMIT_LOC_STRINGS = YES;
				SWIFT_VERSION = 5.0;
				TARGETED_DEVICE_FAMILY = "1,2";
			};
			name = Debug;
		};
		7B5928D82A49D25100B84EE1 /* Release */ = {
			isa = XCBuildConfiguration;
			buildSettings = {
				ASSETCATALOG_COMPILER_APPICON_NAME = AppIcon;
				ASSETCATALOG_COMPILER_GLOBAL_ACCENT_COLOR_NAME = AccentColor;
				CODE_SIGN_STYLE = Automatic;
				CURRENT_PROJECT_VERSION = 1;
				DEVELOPMENT_ASSET_PATHS = "\"Bookworm/Preview Content\"";
				DEVELOPMENT_TEAM = B9S7PB8R45;
				ENABLE_PREVIEWS = YES;
				GENERATE_INFOPLIST_FILE = YES;
				INFOPLIST_KEY_UIApplicationSceneManifest_Generation = YES;
				INFOPLIST_KEY_UIApplicationSupportsIndirectInputEvents = YES;
				INFOPLIST_KEY_UILaunchScreen_Generation = YES;
				INFOPLIST_KEY_UISupportedInterfaceOrientations_iPad = "UIInterfaceOrientationPortrait UIInterfaceOrientationPortraitUpsideDown UIInterfaceOrientationLandscapeLeft UIInterfaceOrientationLandscapeRight";
				INFOPLIST_KEY_UISupportedInterfaceOrientations_iPhone = "UIInterfaceOrientationPortrait UIInterfaceOrientationLandscapeLeft UIInterfaceOrientationLandscapeRight";
				LD_RUNPATH_SEARCH_PATHS = (
					"$(inherited)",
					"@executable_path/Frameworks",
				);
				MARKETING_VERSION = 1.0;
				PRODUCT_BUNDLE_IDENTIFIER = com.pagopatito.Bookworm;
				PRODUCT_NAME = "$(TARGET_NAME)";
				SWIFT_EMIT_LOC_STRINGS = YES;
				SWIFT_VERSION = 5.0;
				TARGETED_DEVICE_FAMILY = "1,2";
			};
			name = Release;
		};
/* End XCBuildConfiguration section */

/* Begin XCConfigurationList section */
		7B5928C32A49D24F00B84EE1 /* Build configuration list for PBXProject "Bookworm" */ = {
			isa = XCConfigurationList;
			buildConfigurations = (
				7B5928D42A49D25100B84EE1 /* Debug */,
				7B5928D52A49D25100B84EE1 /* Release */,
			);
			defaultConfigurationIsVisible = 0;
			defaultConfigurationName = Release;
		};
		7B5928D62A49D25100B84EE1 /* Build configuration list for PBXNativeTarget "Bookworm" */ = {
			isa = XCConfigurationList;
			buildConfigurations = (
				7B5928D72A49D25100B84EE1 /* Debug */,
				7B5928D82A49D25100B84EE1 /* Release */,
			);
			defaultConfigurationIsVisible = 0;
			defaultConfigurationName = Release;
		};
/* End XCConfigurationList section */

/* Begin XCVersionGroup section */
		7BB5806D2A4AB83100E687D8 /* Bookworm.xcdatamodeld */ = {
			isa = XCVersionGroup;
			children = (
				7BB5806E2A4AB83100E687D8 /* Bookworm.xcdatamodel */,
			);
			currentVersion = 7BB5806E2A4AB83100E687D8 /* Bookworm.xcdatamodel */;
			name = Bookworm.xcdatamodeld;
			path = Introduction/Bookworm.xcdatamodeld;
			sourceTree = "<group>";
			versionGroupType = wrapper.xcdatamodel;
		};
/* End XCVersionGroup section */
	};
	rootObject = 7B5928C02A49D24F00B84EE1 /* Project object */;
}
